
Microsoft Visual Studio Solution File, Format Version 12.00
# Visual Studio 2013
VisualStudioVersion = 12.0.21005.1
MinimumVisualStudioVersion = 10.0.40219.1
Project("{FAE04EC0-301F-11D3-BF4B-00C04F79EFBC}") = "ChatRoulette.SignalR", "ChatRouletteSample\ChatRoulette.SignalR.csproj", "{1A846FAA-C375-4EA6-8C46-725D4FDA25C0}"
EndProject
Project("{FAE04EC0-301F-11D3-BF4B-00C04F79EFBC}") = "ChatRoulette.Sockets", "ChatRoulette.Sockets\ChatRoulette.Sockets.csproj", "{6D346AD1-E831-4B2B-B6A8-353EC3386A67}"
EndProject
Global
	GlobalSection(SolutionConfigurationPlatforms) = preSolution
		Debug|Any CPU = Debug|Any CPU
		Release|Any CPU = Release|Any CPU
	EndGlobalSection
	GlobalSection(ProjectConfigurationPlatforms) = postSolution
		{1A846FAA-C375-4EA6-8C46-725D4FDA25C0}.Debug|Any CPU.ActiveCfg = Debug|Any CPU
		{1A846FAA-C375-4EA6-8C46-725D4FDA25C0}.Debug|Any CPU.Build.0 = Debug|Any CPU
		{1A846FAA-C375-4EA6-8C46-725D4FDA25C0}.Release|Any CPU.ActiveCfg = Release|Any CPU
		{1A846FAA-C375-4EA6-8C46-725D4FDA25C0}.Release|Any CPU.Build.0 = Release|Any CPU
		{6D346AD1-E831-4B2B-B6A8-353EC3386A67}.Debug|Any CPU.ActiveCfg = Debug|Any CPU
		{6D346AD1-E831-4B2B-B6A8-353EC3386A67}.Debug|Any CPU.Build.0 = Debug|Any CPU
		{6D346AD1-E831-4B2B-B6A8-353EC3386A67}.Release|Any CPU.ActiveCfg = Release|Any CPU
		{6D346AD1-E831-4B2B-B6A8-353EC3386A67}.Release|Any CPU.Build.0 = Release|Any CPU
	EndGlobalSection
	GlobalSection(SolutionProperties) = preSolution
		HideSolutionNode = FALSE
	EndGlobalSection
EndGlobal
